
Microsoft Visual Studio Solution File, Format Version 12.00
# Visual Studio Version 16
VisualStudioVersion = 16.0.31729.503
MinimumVisualStudioVersion = 10.0.40219.1
Project("{FAE04EC0-301F-11D3-BF4B-00C04F79EFBC}") = "abryaman", "abryaman\abryaman.csproj", "{77FF8B0B-F2F0-44A7-845A-96418FA95C68}"
EndProject
Global
	GlobalSection(SolutionConfigurationPlatforms) = preSolution
		Debug|Any CPU = Debug|Any CPU
		Release|Any CPU = Release|Any CPU
	EndGlobalSection
	GlobalSection(ProjectConfigurationPlatforms) = postSolution
		{77FF8B0B-F2F0-44A7-845A-96418FA95C68}.Debug|Any CPU.ActiveCfg = Debug|Any CPU
		{77FF8B0B-F2F0-44A7-845A-96418FA95C68}.Debug|Any CPU.Build.0 = Debug|Any CPU
		{77FF8B0B-F2F0-44A7-845A-96418FA95C68}.Release|Any CPU.ActiveCfg = Release|Any CPU
		{77FF8B0B-F2F0-44A7-845A-96418FA95C68}.Release|Any CPU.Build.0 = Release|Any CPU
	EndGlobalSection
	GlobalSection(SolutionProperties) = preSolution
		HideSolutionNode = FALSE
	EndGlobalSection
	GlobalSection(ExtensibilityGlobals) = postSolution
		SolutionGuid = {3BC51633-4823-4E2B-869C-54A85628353C}
	EndGlobalSection
EndGlobal
